
Microsoft Visual Studio Solution File, Format Version 12.00
# Visual Studio 15
VisualStudioVersion = 15.0.27703.2000
MinimumVisualStudioVersion = 10.0.40219.1
Project("{FAE04EC0-301F-11D3-BF4B-00C04F79EFBC}") = "RealGaz", "RealGaz\RealGaz.csproj", "{FA6DB76C-24BC-4F9F-9E5A-CF99D79B2B3E}"
EndProject
Global
	GlobalSection(SolutionConfigurationPlatforms) = preSolution
		Debug|Any CPU = Debug|Any CPU
		Release|Any CPU = Release|Any CPU
	EndGlobalSection
	GlobalSection(ProjectConfigurationPlatforms) = postSolution
		{FA6DB76C-24BC-4F9F-9E5A-CF99D79B2B3E}.Debug|Any CPU.ActiveCfg = Debug|Any CPU
		{FA6DB76C-24BC-4F9F-9E5A-CF99D79B2B3E}.Debug|Any CPU.Build.0 = Debug|Any CPU
		{FA6DB76C-24BC-4F9F-9E5A-CF99D79B2B3E}.Release|Any CPU.ActiveCfg = Release|Any CPU
		{FA6DB76C-24BC-4F9F-9E5A-CF99D79B2B3E}.Release|Any CPU.Build.0 = Release|Any CPU
	EndGlobalSection
	GlobalSection(SolutionProperties) = preSolution
		HideSolutionNode = FALSE
	EndGlobalSection
	GlobalSection(ExtensibilityGlobals) = postSolution
		SolutionGuid = {1BB36D72-D3EE-46CB-BDD3-D23830854585}
	EndGlobalSection
EndGlobal
